
Microsoft Visual Studio Solution File, Format Version 12.00
# Visual Studio Version 16
VisualStudioVersion = 16.0.31112.23
MinimumVisualStudioVersion = 10.0.40219.1
Project("{FAE04EC0-301F-11D3-BF4B-00C04F79EFBC}") = "102190067_NgoLeGiaHung", "102190067_NgoLeGiaHung\102190067_NgoLeGiaHung.csproj", "{51B8D513-1235-4925-8BB0-E5240CCB14F4}"
EndProject
Global
	GlobalSection(SolutionConfigurationPlatforms) = preSolution
		Debug|Any CPU = Debug|Any CPU
		Release|Any CPU = Release|Any CPU
	EndGlobalSection
	GlobalSection(ProjectConfigurationPlatforms) = postSolution
		{51B8D513-1235-4925-8BB0-E5240CCB14F4}.Debug|Any CPU.ActiveCfg = Debug|Any CPU
		{51B8D513-1235-4925-8BB0-E5240CCB14F4}.Debug|Any CPU.Build.0 = Debug|Any CPU
		{51B8D513-1235-4925-8BB0-E5240CCB14F4}.Release|Any CPU.ActiveCfg = Release|Any CPU
		{51B8D513-1235-4925-8BB0-E5240CCB14F4}.Release|Any CPU.Build.0 = Release|Any CPU
	EndGlobalSection
	GlobalSection(SolutionProperties) = preSolution
		HideSolutionNode = FALSE
	EndGlobalSection
	GlobalSection(ExtensibilityGlobals) = postSolution
		SolutionGuid = {0364ABD2-65EB-4C83-A802-990DE69CA394}
	EndGlobalSection
EndGlobal
